{
  "name": "@l10nmonster/helpers-britishtranslator",
  "version": "1.0.0",
  "lockfileVersion": 3,
  "requires": true,
  "packages": {
    "": {
      "name": "@l10nmonster/helpers-britishtranslator",
      "version": "1.0.0",
      "license": "MIT",
      "dependencies": {
        "translate-american-british-english": "^1.0.0"
      },
      "peerDependencies": {
        "@l10nmonster/helpers": "../helpers"
      }
    },
    "../helpers": {
      "name": "@l10nmonster/helpers",
      "version": "1.0.0",
      "license": "MIT",
      "peer": true,
      "dependencies": {
        "globby": "^13.1.1",
        "nanoid": "^4"
      },
      "devDependencies": {
        "esbuild": "^0.17.18",
        "eslint": "^8"
      }
    },
    "node_modules/@l10nmonster/helpers": {
      "resolved": "../helpers",
      "link": true
    },
    "node_modules/translate-american-british-english": {
      "version": "1.0.0",
      "resolved": "https://registry.npmjs.org/translate-american-british-english/-/translate-american-british-english-1.0.0.tgz",
      "integrity": "sha512-ySHBHTVFptEBulJviJjZht8QWVv8SO8iUGtbe3f9oLOiNyBuJFwPhfhyCKI/AoNW6g9ESNmjUwyxbJHxv7IV2g=="
    }
  }
}
