{
  "name": "@l10nmonster/helpers-http",
  "version": "1.0.0",
  "lockfileVersion": 3,
  "requires": true,
  "packages": {
    "": {
      "name": "@l10nmonster/helpers-http",
      "version": "1.0.0",
      "license": "MIT",
      "peerDependencies": {
        "@l10nmonster/helpers": "../helpers"
      }
    },
    "../helpers": {
      "version": "1.0.0",
      "license": "MIT",
      "peer": true,
      "devDependencies": {
        "eslint": "^8"
      }
    },
    "node_modules/@l10nmonster/helpers": {
      "resolved": "../helpers",
      "link": true
    }
  }
}
