{
  "name": "@l10nmonster/helpers-http",
  "version": "1.0.0",
  "lockfileVersion": 3,
  "requires": true,
  "packages": {
    "": {
      "name": "@l10nmonster/helpers-http",
      "version": "1.0.0",
      "license": "MIT"
    },
    "../helpers": {
      "name": "@l10nmonster/helpers",
      "version": "1.0.2",
      "extraneous": true,
      "license": "MIT",
      "dependencies": {
        "globby": "^14",
        "nanoid": "^5"
      },
      "devDependencies": {
        "esbuild": "latest",
        "eslint": "latest"
      }
    }
  }
}
