{
  "name": "@l10nmonster/helpers-java",
  "version": "1.0.0",
  "lockfileVersion": 3,
  "requires": true,
  "packages": {
    "": {
      "name": "@l10nmonster/helpers-java",
      "version": "1.0.0",
      "license": "MIT",
      "dependencies": {
        "@js.properties/properties": "^0.5.4"
      },
      "peerDependencies": {
        "@l10nmonster/helpers": "^1"
      }
    },
    "../helpers": {
      "name": "@l10nmonster/helpers",
      "version": "1.0.2",
      "license": "MIT",
      "peer": true,
      "dependencies": {
        "globby": "^14",
        "nanoid": "^5"
      },
      "devDependencies": {
        "esbuild": "latest",
        "eslint": "latest"
      }
    },
    "node_modules/@js.properties/properties": {
      "version": "0.5.4",
      "resolved": "https://registry.npmjs.org/@js.properties/properties/-/properties-0.5.4.tgz",
      "integrity": "sha512-4M/Mb2CxzuI1CtQhVFs6OC9ceuGPAP6SOWnpLcrdB1TcUHroXbsYDVJNOm32koRMfuCoRACbojcm4dPPcQxu0w=="
    },
    "node_modules/@l10nmonster/helpers": {
      "resolved": "../helpers",
      "link": true
    }
  }
}
