{
  "name": "@l10nmonster/helpers-demo",
  "version": "1.0.0",
  "lockfileVersion": 3,
  "requires": true,
  "packages": {
    "": {
      "name": "@l10nmonster/helpers-demo",
      "version": "1.0.0",
      "license": "MIT",
      "dependencies": {
        "pig-latinizer": "^1.0.6"
      }
    },
    "../helpers": {
      "name": "@l10nmonster/helpers",
      "version": "1.0.0",
      "extraneous": true,
      "license": "MIT",
      "dependencies": {
        "globby": "^13.1.1",
        "nanoid": "^4"
      },
      "devDependencies": {
        "esbuild": "^0.17.18",
        "eslint": "^8"
      }
    },
    "node_modules/pig-latinizer": {
      "version": "1.0.6",
      "resolved": "https://registry.npmjs.org/pig-latinizer/-/pig-latinizer-1.0.6.tgz",
      "integrity": "sha512-+jSJEByMlAW/SVE/cb/94+9RYSLdM0putYBSm6dWTuh+7mEabjXa6oWHP0rmGUZGnRW/JHfEsJ2U7s0tVW+Org=="
    }
  }
}
