{
    "name": "bigdata-demo",
    "lockfileVersion": 3,
    "requires": true,
    "packages": {
        "": {
            "name": "bigdata-demo",
            "dependencies": {
                "@l10nmonster/cli": "../../../cli",
                "@l10nmonster/core": "../../../core",
                "@l10nmonster/helpers-demo": "../../../helpers-demo",
                "@l10nmonster/server": "../../../server"
            }
        },
        "../../../cli": {},
        "../../../core": {},
        "../../../demo": {
            "extraneous": true
        },
        "../../../helpers-demo": {},
        "../../../server": {},
        "node_modules/@l10nmonster/cli": {
            "resolved": "../../../cli",
            "link": true
        },
        "node_modules/@l10nmonster/core": {
            "resolved": "../../../core",
            "link": true
        },
        "node_modules/@l10nmonster/helpers-demo": {
            "resolved": "../../../helpers-demo",
            "link": true
        },
        "node_modules/@l10nmonster/server": {
            "resolved": "../../../server",
            "link": true
        }
    }
}
