{
    "name": "html-demo",
    "lockfileVersion": 3,
    "requires": true,
    "packages": {
        "": {
            "name": "html-demo",
            "dependencies": {
                "@l10nmonster/helpers": "../../helpers",
                "@l10nmonster/helpers-demo": "../../helpers-demo",
                "@l10nmonster/helpers-html": "../../helpers-html",
                "@l10nmonster/helpers-http": "../../helpers-http",
                "@l10nmonster/helpers-translated": "../../helpers-translated"
            }
        },
        "../../helpers": {
            "name": "@l10nmonster/helpers",
            "version": "1.0.0",
            "license": "MIT",
            "devDependencies": {
                "eslint": "^8"
            }
        },
        "../../helpers-demo": {
            "name": "@l10nmonster/helpers-demo",
            "version": "1.0.0",
            "license": "MIT",
            "dependencies": {
                "pig-latinizer": "^1.0.6"
            },
            "peerDependencies": {
                "@l10nmonster/helpers": "../helpers"
            }
        },
        "../../helpers-html": {
            "name": "@l10nmonster/helpers-html",
            "version": "1.0.0",
            "license": "MIT",
            "dependencies": {
                "parse5": "^7.0.0"
            },
            "peerDependencies": {
                "@l10nmonster/helpers": "../helpers"
            }
        },
        "../../helpers-http": {
            "version": "1.0.0",
            "license": "MIT",
            "dependencies": {
                "got": "^12.0.0"
            }
        },
        "../../helpers-translated": {
            "name": "@l10nmonster/helpers-translated",
            "version": "1.0.0",
            "license": "MIT",
            "dependencies": {
                "modernmt": "^1.2.3"
            },
            "peerDependencies": {
                "@l10nmonster/helpers": "../helpers"
            }
        },
        "node_modules/@l10nmonster/helpers": {
            "resolved": "../../helpers",
            "link": true
        },
        "node_modules/@l10nmonster/helpers-demo": {
            "resolved": "../../helpers-demo",
            "link": true
        },
        "node_modules/@l10nmonster/helpers-html": {
            "resolved": "../../helpers-html",
            "link": true
        },
        "node_modules/@l10nmonster/helpers-http": {
            "resolved": "../../helpers-http",
            "link": true
        },
        "node_modules/@l10nmonster/helpers-translated": {
            "resolved": "../../helpers-translated",
            "link": true
        }
    }
}
