{
    "name": "html-demo",
    "lockfileVersion": 3,
    "requires": true,
    "packages": {
        "": {
            "name": "html-demo",
            "dependencies": {
                "@l10nmonster/cli": "../../cli",
                "@l10nmonster/lqaboss-cli": "../../lqaboss-cli"
            }
        },
        "../../cli": {
            "name": "@l10nmonster/cli",
            "version": "3.0.0",
            "license": "MIT",
            "dependencies": {
                "commander": "^14"
            },
            "bin": {
                "l10n": "l10n.mjs"
            },
            "engines": {
                "node": ">=20"
            }
        },
        "../../lqaboss-cli": {
            "version": "1.0.0",
            "dependencies": {
                "jszip": "^3.10.1",
                "puppeteer": "^24"
            }
        },
        "node_modules/@l10nmonster/cli": {
            "resolved": "../../cli",
            "link": true
        },
        "node_modules/@l10nmonster/lqaboss-cli": {
            "resolved": "../../lqaboss-cli",
            "link": true
        }
    }
}
