{
    "name": "regression-test",
    "lockfileVersion": 3,
    "requires": true,
    "packages": {
        "": {
            "name": "regression-test",
            "dependencies": {
                "@l10nmonster/cli": "../cli"
            }
        },
        "../cli": {
            "name": "@l10nmonster/cli",
            "version": "0.1.0",
            "license": "MIT",
            "dependencies": {
                "commander": "^10",
                "winston": "^3.7.2"
            },
            "bin": {
                "l10n": "out/l10n.cjs"
            },
            "devDependencies": {
                "esbuild": "latest",
                "eslint": "^8",
                "pkg": "^5.4.1"
            },
            "engines": {
                "node": ">=18"
            },
            "peerDependencies": {
                "@l10nmonster/core": "../core",
                "@l10nmonster/helpers": "../helpers"
            }
        },
        "../helpers": {
            "name": "@l10nmonster/helpers",
            "version": "1.0.0",
            "extraneous": true,
            "license": "MIT",
            "devDependencies": {
                "eslint": "^8"
            }
        },
        "node_modules/@l10nmonster/cli": {
            "resolved": "../cli",
            "link": true
        }
    }
}
