{
  "name": "@l10nmonster/helpers-ios",
  "version": "1.0.0",
  "lockfileVersion": 3,
  "requires": true,
  "packages": {
    "": {
      "name": "@l10nmonster/helpers-ios",
      "version": "1.0.0",
      "license": "MIT",
      "dependencies": {
        "@l10nmonster/i18n-strings-files": "^3.0.0"
      }
    },
    "node_modules/@l10nmonster/i18n-strings-files": {
      "version": "3.0.0",
      "resolved": "https://registry.npmjs.org/@l10nmonster/i18n-strings-files/-/i18n-strings-files-3.0.0.tgz",
      "integrity": "sha512-yK6zPrVVdn6eqtUfWO+hthxFQYpxxS28CmspoqFln6Q7lBLRIUuGp3tyY8b2aVCTlgCwknZrnTwNtyiRW/7Kcg==",
      "engines": {
        "node": ">=14.0.0"
      }
    }
  }
}
