{
    "name": "java-demo",
    "lockfileVersion": 3,
    "requires": true,
    "packages": {
        "": {
            "name": "java-demo",
            "dependencies": {
                "@l10nmonster/helpers": "../../helpers",
                "@l10nmonster/helpers-demo": "../../helpers-demo",
                "@l10nmonster/helpers-json": "../../helpers-json",
                "@l10nmonster/helpers-translated": "../../helpers-translated"
            }
        },
        "../../../helpers": {
            "extraneous": true
        },
        "../../../helpers-demo": {
            "extraneous": true
        },
        "../../../helpers-json": {
            "extraneous": true
        },
        "../../../helpers-translated": {
            "extraneous": true
        },
        "../../helpers": {
            "version": "1.0.0",
            "license": "MIT",
            "devDependencies": {
                "eslint": "^8"
            }
        },
        "../../helpers-demo": {
            "version": "1.0.0",
            "license": "MIT",
            "dependencies": {
                "pig-latinizer": "^1.0.6"
            },
            "peerDependencies": {
                "@l10nmonster/helpers": "../helpers"
            }
        },
        "../../helpers-json": {
            "version": "1.0.0",
            "license": "MIT",
            "dependencies": {
                "flat": "^5.0.2"
            },
            "peerDependencies": {
                "@l10nmonster/helpers": "../helpers"
            }
        },
        "../../helpers-translated": {
            "version": "1.0.0",
            "license": "MIT",
            "peerDependencies": {
                "@l10nmonster/helpers": "../helpers"
            }
        },
        "node_modules/@l10nmonster/helpers": {
            "resolved": "../../helpers",
            "link": true
        },
        "node_modules/@l10nmonster/helpers-demo": {
            "resolved": "../../helpers-demo",
            "link": true
        },
        "node_modules/@l10nmonster/helpers-json": {
            "resolved": "../../helpers-json",
            "link": true
        },
        "node_modules/@l10nmonster/helpers-translated": {
            "resolved": "../../helpers-translated",
            "link": true
        }
    }
}
