{
  "name": "multiproject-demo",
  "lockfileVersion": 3,
  "requires": true,
  "packages": {
    "": {
      "name": "multiproject-demo",
      "dependencies": {
        "@l10nmonster/helpers": "../../helpers",
        "@l10nmonster/helpers-android": "../../helpers-android",
        "@l10nmonster/helpers-ios": "../../helpers-ios"
      }
    },
    "../../helpers": {
      "name": "@l10nmonster/helpers",
      "version": "0.1.0",
      "license": "MIT",
      "dependencies": {
        "globby": "^13.1.1",
        "nanoid": "^4"
      },
      "devDependencies": {
        "esbuild": "^0.17.18",
        "eslint": "^8"
      }
    },
    "../../helpers-android": {
      "name": "@l10nmonster/helpers-android",
      "version": "0.1.0",
      "license": "MIT",
      "dependencies": {
        "fast-xml-parser": "^4.0.3",
        "xml-formatter": "^3"
      },
      "peerDependencies": {
        "@l10nmonster/helpers": "../helpers"
      }
    },
    "../../helpers-ios": {
      "name": "@l10nmonster/helpers-ios",
      "version": "0.1.0",
      "license": "MIT",
      "dependencies": {
        "@l10nmonster/i18n-strings-files": "^3.0.0"
      },
      "peerDependencies": {
        "@l10nmonster/helpers": "../helpers"
      }
    },
    "node_modules/@l10nmonster/helpers": {
      "resolved": "../../helpers",
      "link": true
    },
    "node_modules/@l10nmonster/helpers-android": {
      "resolved": "../../helpers-android",
      "link": true
    },
    "node_modules/@l10nmonster/helpers-ios": {
      "resolved": "../../helpers-ios",
      "link": true
    }
  }
}
