{
    "name": "java-sample",
    "lockfileVersion": 3,
    "requires": true,
    "packages": {
        "": {
            "name": "java-sample",
            "dependencies": {
                "@l10nmonster/helpers": "../../helpers",
                "@l10nmonster/helpers-java": "../../helpers-java"
            }
        },
        "../../../helpers": {
            "extraneous": true
        },
        "../../../helpers-java": {
            "extraneous": true
        },
        "../../helpers": {
            "version": "1.0.0",
            "license": "MIT",
            "devDependencies": {
                "eslint": "^8"
            }
        },
        "../../helpers-java": {
            "version": "1.0.0",
            "license": "MIT",
            "dependencies": {
                "@js.properties/properties": "^0.5.4"
            },
            "peerDependencies": {
                "@l10nmonster/helpers": "../helpers"
            }
        },
        "node_modules/@l10nmonster/helpers": {
            "resolved": "../../helpers",
            "link": true
        },
        "node_modules/@l10nmonster/helpers-java": {
            "resolved": "../../helpers-java",
            "link": true
        }
    }
}
