{
  "name": "ios-demo",
  "lockfileVersion": 3,
  "requires": true,
  "packages": {
    "": {
      "name": "ios-demo",
      "dependencies": {
        "@l10nmonster/helpers": "../../helpers",
        "@l10nmonster/helpers-ios": "../../helpers-ios",
        "@l10nmonster/helpers-translated": "../../helpers-translated"
      }
    },
    "../../helpers": {
      "name": "@l10nmonster/helpers",
      "version": "1.0.0",
      "license": "MIT",
      "devDependencies": {
        "eslint": "^8"
      }
    },
    "../../helpers-ios": {
      "name": "@l10nmonster/helpers-ios",
      "version": "1.0.0",
      "license": "MIT",
      "dependencies": {
        "@l10nmonster/i18n-strings-files": "^3.0.0"
      },
      "peerDependencies": {
        "@l10nmonster/helpers": "../helpers"
      }
    },
    "../../helpers-ios/index.js": {
      "extraneous": true
    },
    "../../helpers-translated": {
      "version": "1.0.0",
      "license": "MIT",
      "dependencies": {
        "modernmt": "^1.2.3"
      },
      "peerDependencies": {
        "@l10nmonster/helpers": "../helpers"
      }
    },
    "../../helpers/ios/index.js": {
      "extraneous": true
    },
    "node_modules/@l10nmonster/helpers": {
      "resolved": "../../helpers",
      "link": true
    },
    "node_modules/@l10nmonster/helpers-ios": {
      "resolved": "../../helpers-ios",
      "link": true
    },
    "node_modules/@l10nmonster/helpers-translated": {
      "resolved": "../../helpers-translated",
      "link": true
    }
  }
}
