{
    "name": "ios-demo",
    "lockfileVersion": 3,
    "requires": true,
    "packages": {
        "": {
            "name": "ios-demo",
            "dependencies": {
                "@l10nmonster/cli": "../../../cli",
                "@l10nmonster/helpers-ios": "../../../helpers-ios",
                "@l10nmonster/helpers-translated": "../../../helpers-translated"
            }
        },
        "../../../cli": {
            "name": "@l10nmonster/cli",
            "version": "2.0.0",
            "license": "MIT",
            "dependencies": {
                "commander": "^12"
            },
            "bin": {
                "l10n": "l10n.mjs"
            },
            "engines": {
                "node": ">=20"
            }
        },
        "../../../helpers-ios": {
            "name": "@l10nmonster/helpers-ios",
            "version": "2.0.0",
            "license": "MIT",
            "dependencies": {
                "@l10nmonster/i18n-strings-files": "^3.0.0"
            },
            "peerDependencies": {
                "@l10nmonster/helpers": "^1"
            }
        },
        "../../../helpers-translated": {
            "name": "@l10nmonster/helpers-translated",
            "version": "1.0.0",
            "license": "MIT",
            "dependencies": {
                "modernmt": "^1.2.3"
            },
            "peerDependencies": {
                "@l10nmonster/helpers": "^1"
            }
        },
        "../../cli": {
            "extraneous": true
        },
        "../../helpers-ios": {
            "extraneous": true
        },
        "../../helpers-translated": {
            "extraneous": true
        },
        "node_modules/@l10nmonster/cli": {
            "resolved": "../../../cli",
            "link": true
        },
        "node_modules/@l10nmonster/helpers-ios": {
            "resolved": "../../../helpers-ios",
            "link": true
        },
        "node_modules/@l10nmonster/helpers-translated": {
            "resolved": "../../../helpers-translated",
            "link": true
        }
    }
}
